
Microsoft Visual Studio Solution File, Format Version 12.00
# Visual Studio Version 16
VisualStudioVersion = 16.0.810.19
MinimumVisualStudioVersion = 10.0.40219.1
Project("{FAE04EC0-301F-11D3-BF4B-00C04F79EFBC}") = "WorkorceMedicalNetwork.Api", "WorkorceMedicalNetwork.Api.csproj", "{1C802CA5-B170-4714-A884-9E3456169ED1}"
EndProject
Global
	GlobalSection(SolutionConfigurationPlatforms) = preSolution
		Debug|Any CPU = Debug|Any CPU
		Release|Any CPU = Release|Any CPU
	EndGlobalSection
	GlobalSection(ProjectConfigurationPlatforms) = postSolution
		{1C802CA5-B170-4714-A884-9E3456169ED1}.Debug|Any CPU.ActiveCfg = Debug|Any CPU
		{1C802CA5-B170-4714-A884-9E3456169ED1}.Debug|Any CPU.Build.0 = Debug|Any CPU
		{1C802CA5-B170-4714-A884-9E3456169ED1}.Release|Any CPU.ActiveCfg = Release|Any CPU
		{1C802CA5-B170-4714-A884-9E3456169ED1}.Release|Any CPU.Build.0 = Release|Any CPU
	EndGlobalSection
	GlobalSection(SolutionProperties) = preSolution
		HideSolutionNode = FALSE
	EndGlobalSection
	GlobalSection(ExtensibilityGlobals) = postSolution
		SolutionGuid = {F089747C-208C-4726-9C1E-C8D012FFC759}
	EndGlobalSection
EndGlobal
