
Microsoft Visual Studio Solution File, Format Version 12.00
# Visual Studio Version 16
VisualStudioVersion = 16.0.30204.135
MinimumVisualStudioVersion = 10.0.40219.1
Project("{9A19103F-16F7-4668-BE54-9A1E7A4F7556}") = "WorkforceMedicalNetwork.Api", "WorkforceMedicalNetwork.Api\WorkforceMedicalNetwork.Api.csproj", "{BD485134-9312-4012-BC03-A4DF49EF1AC5}"
EndProject
Project("{9A19103F-16F7-4668-BE54-9A1E7A4F7556}") = "WorkforceMedicalNetwork.Api.Integration.Tests", "WorkforceMedicalNetwork.Api.Integration.Tests\WorkforceMedicalNetwork.Api.Integration.Tests.csproj", "{7D1EC055-D568-4E60-A157-307F9849CC85}"
EndProject
Project("{9A19103F-16F7-4668-BE54-9A1E7A4F7556}") = "WorkforceMedicalNetwork.Api.UnitTests", "WorkforceMedicalNetwork.Api.UnitTests\WorkforceMedicalNetwork.Api.UnitTests.csproj", "{CA0806A9-23D1-497C-9109-FBCFC94E4DFD}"
EndProject
Global
	GlobalSection(SolutionConfigurationPlatforms) = preSolution
		Debug|Any CPU = Debug|Any CPU
		Release|Any CPU = Release|Any CPU
	EndGlobalSection
	GlobalSection(ProjectConfigurationPlatforms) = postSolution
		{076BA3D1-01C7-4715-84B9-0B2065A55673}.Debug|Any CPU.ActiveCfg = Debug|Any CPU
		{076BA3D1-01C7-4715-84B9-0B2065A55673}.Debug|Any CPU.Build.0 = Debug|Any CPU
		{076BA3D1-01C7-4715-84B9-0B2065A55673}.Release|Any CPU.ActiveCfg = Release|Any CPU
		{076BA3D1-01C7-4715-84B9-0B2065A55673}.Release|Any CPU.Build.0 = Release|Any CPU
		{98F1306A-43F6-466C-9EDA-D679290E527D}.Debug|Any CPU.ActiveCfg = Debug|Any CPU
		{98F1306A-43F6-466C-9EDA-D679290E527D}.Debug|Any CPU.Build.0 = Debug|Any CPU
		{98F1306A-43F6-466C-9EDA-D679290E527D}.Release|Any CPU.ActiveCfg = Release|Any CPU
		{98F1306A-43F6-466C-9EDA-D679290E527D}.Release|Any CPU.Build.0 = Release|Any CPU
		{BFC49EEF-FAA4-4760-9BED-8280649E7AA3}.Debug|Any CPU.ActiveCfg = Debug|Any CPU
		{BFC49EEF-FAA4-4760-9BED-8280649E7AA3}.Debug|Any CPU.Build.0 = Debug|Any CPU
		{BFC49EEF-FAA4-4760-9BED-8280649E7AA3}.Release|Any CPU.ActiveCfg = Release|Any CPU
		{BFC49EEF-FAA4-4760-9BED-8280649E7AA3}.Release|Any CPU.Build.0 = Release|Any CPU
		{93269041-9682-4560-9C76-BCFB2A406B12}.Debug|Any CPU.ActiveCfg = Debug|Any CPU
		{93269041-9682-4560-9C76-BCFB2A406B12}.Debug|Any CPU.Build.0 = Debug|Any CPU
		{93269041-9682-4560-9C76-BCFB2A406B12}.Release|Any CPU.ActiveCfg = Release|Any CPU
		{93269041-9682-4560-9C76-BCFB2A406B12}.Release|Any CPU.Build.0 = Release|Any CPU
		{BD485134-9312-4012-BC03-A4DF49EF1AC5}.Debug|Any CPU.ActiveCfg = Debug|Any CPU
		{BD485134-9312-4012-BC03-A4DF49EF1AC5}.Debug|Any CPU.Build.0 = Debug|Any CPU
		{BD485134-9312-4012-BC03-A4DF49EF1AC5}.Release|Any CPU.ActiveCfg = Release|Any CPU
		{BD485134-9312-4012-BC03-A4DF49EF1AC5}.Release|Any CPU.Build.0 = Release|Any CPU
		{7D1EC055-D568-4E60-A157-307F9849CC85}.Debug|Any CPU.ActiveCfg = Debug|Any CPU
		{7D1EC055-D568-4E60-A157-307F9849CC85}.Debug|Any CPU.Build.0 = Debug|Any CPU
		{7D1EC055-D568-4E60-A157-307F9849CC85}.Release|Any CPU.ActiveCfg = Release|Any CPU
		{7D1EC055-D568-4E60-A157-307F9849CC85}.Release|Any CPU.Build.0 = Release|Any CPU
		{CA0806A9-23D1-497C-9109-FBCFC94E4DFD}.Debug|Any CPU.ActiveCfg = Debug|Any CPU
		{CA0806A9-23D1-497C-9109-FBCFC94E4DFD}.Debug|Any CPU.Build.0 = Debug|Any CPU
		{CA0806A9-23D1-497C-9109-FBCFC94E4DFD}.Release|Any CPU.ActiveCfg = Release|Any CPU
		{CA0806A9-23D1-497C-9109-FBCFC94E4DFD}.Release|Any CPU.Build.0 = Release|Any CPU
		{E1B4DCC3-7764-4FF9-A4E9-99B82BE09615}.Debug|Any CPU.ActiveCfg = Debug|Any CPU
		{E1B4DCC3-7764-4FF9-A4E9-99B82BE09615}.Debug|Any CPU.Build.0 = Debug|Any CPU
		{E1B4DCC3-7764-4FF9-A4E9-99B82BE09615}.Release|Any CPU.ActiveCfg = Release|Any CPU
		{E1B4DCC3-7764-4FF9-A4E9-99B82BE09615}.Release|Any CPU.Build.0 = Release|Any CPU
		{B110C2F4-AD5A-4165-9EB7-DD2E9086B04A}.Debug|Any CPU.ActiveCfg = Debug|Any CPU
		{B110C2F4-AD5A-4165-9EB7-DD2E9086B04A}.Debug|Any CPU.Build.0 = Debug|Any CPU
		{B110C2F4-AD5A-4165-9EB7-DD2E9086B04A}.Release|Any CPU.ActiveCfg = Release|Any CPU
		{B110C2F4-AD5A-4165-9EB7-DD2E9086B04A}.Release|Any CPU.Build.0 = Release|Any CPU
		{157AA66C-AC4A-428D-8758-015039FB14A8}.Debug|Any CPU.ActiveCfg = Debug|Any CPU
		{157AA66C-AC4A-428D-8758-015039FB14A8}.Debug|Any CPU.Build.0 = Debug|Any CPU
		{157AA66C-AC4A-428D-8758-015039FB14A8}.Release|Any CPU.ActiveCfg = Release|Any CPU
		{157AA66C-AC4A-428D-8758-015039FB14A8}.Release|Any CPU.Build.0 = Release|Any CPU
		{4AE0AE9D-A68B-4C0D-8980-25AF30B9D798}.Debug|Any CPU.ActiveCfg = Debug|Any CPU
		{4AE0AE9D-A68B-4C0D-8980-25AF30B9D798}.Debug|Any CPU.Build.0 = Debug|Any CPU
		{4AE0AE9D-A68B-4C0D-8980-25AF30B9D798}.Release|Any CPU.ActiveCfg = Release|Any CPU
		{4AE0AE9D-A68B-4C0D-8980-25AF30B9D798}.Release|Any CPU.Build.0 = Release|Any CPU
		{902FABEC-DB7A-42CE-A69E-721C9FD53CC6}.Debug|Any CPU.ActiveCfg = Debug|Any CPU
		{902FABEC-DB7A-42CE-A69E-721C9FD53CC6}.Debug|Any CPU.Build.0 = Debug|Any CPU
		{902FABEC-DB7A-42CE-A69E-721C9FD53CC6}.Release|Any CPU.ActiveCfg = Release|Any CPU
		{902FABEC-DB7A-42CE-A69E-721C9FD53CC6}.Release|Any CPU.Build.0 = Release|Any CPU
		{F5B9F91B-E016-4FCA-A500-62AD841E0303}.Debug|Any CPU.ActiveCfg = Debug|Any CPU
		{F5B9F91B-E016-4FCA-A500-62AD841E0303}.Debug|Any CPU.Build.0 = Debug|Any CPU
		{F5B9F91B-E016-4FCA-A500-62AD841E0303}.Release|Any CPU.ActiveCfg = Release|Any CPU
		{F5B9F91B-E016-4FCA-A500-62AD841E0303}.Release|Any CPU.Build.0 = Release|Any CPU
		{D4A925E2-47A7-4A02-817F-89330941A3E2}.Debug|Any CPU.ActiveCfg = Debug|Any CPU
		{D4A925E2-47A7-4A02-817F-89330941A3E2}.Debug|Any CPU.Build.0 = Debug|Any CPU
		{D4A925E2-47A7-4A02-817F-89330941A3E2}.Release|Any CPU.ActiveCfg = Release|Any CPU
		{D4A925E2-47A7-4A02-817F-89330941A3E2}.Release|Any CPU.Build.0 = Release|Any CPU
	EndGlobalSection
	GlobalSection(SolutionProperties) = preSolution
		HideSolutionNode = FALSE
	EndGlobalSection
	GlobalSection(NestedProjects) = preSolution
		{076BA3D1-01C7-4715-84B9-0B2065A55673} = {0E417359-EE20-412E-9B0A-A5CAE938EB4A}
		{98F1306A-43F6-466C-9EDA-D679290E527D} = {8AA34603-481B-4E0F-B166-1900E2BC88EC}
		{BFC49EEF-FAA4-4760-9BED-8280649E7AA3} = {C108531B-AFEF-461F-8D1E-FFF12FF37F98}
		{93269041-9682-4560-9C76-BCFB2A406B12} = {BFE9FDD4-71B4-4F3C-B0E7-F3BDD3B305CB}
		{BD485134-9312-4012-BC03-A4DF49EF1AC5} = {0E417359-EE20-412E-9B0A-A5CAE938EB4A}
		{7D1EC055-D568-4E60-A157-307F9849CC85} = {C108531B-AFEF-461F-8D1E-FFF12FF37F98}
		{CA0806A9-23D1-497C-9109-FBCFC94E4DFD} = {8AA34603-481B-4E0F-B166-1900E2BC88EC}
		{E1B4DCC3-7764-4FF9-A4E9-99B82BE09615} = {8AA34603-481B-4E0F-B166-1900E2BC88EC}
		{B110C2F4-AD5A-4165-9EB7-DD2E9086B04A} = {8AA34603-481B-4E0F-B166-1900E2BC88EC}
		{157AA66C-AC4A-428D-8758-015039FB14A8} = {0E417359-EE20-412E-9B0A-A5CAE938EB4A}
		{4AE0AE9D-A68B-4C0D-8980-25AF30B9D798} = {0E417359-EE20-412E-9B0A-A5CAE938EB4A}
		{902FABEC-DB7A-42CE-A69E-721C9FD53CC6} = {C108531B-AFEF-461F-8D1E-FFF12FF37F98}
		{F5B9F91B-E016-4FCA-A500-62AD841E0303} = {C108531B-AFEF-461F-8D1E-FFF12FF37F98}
		{D4A925E2-47A7-4A02-817F-89330941A3E2} = {0E417359-EE20-412E-9B0A-A5CAE938EB4A}
	EndGlobalSection
	GlobalSection(ExtensibilityGlobals) = postSolution
		SolutionGuid = {7FC25511-2EFF-4013-9229-0BC25C965E64}
	EndGlobalSection
EndGlobal
